{
  "lockfileVersion": 1,
  "workspaces": {
    "": {
      "name": "wlchanger",
      "dependencies": {
        "ini": "^5.0.0",
      },
    },
  },
  "packages": {
    "ini": ["ini@5.0.0", "", {}, "sha512-+N0ngpO3e7cRUWOJAS7qw0IZIVc6XPrW4MlFBdD066F2L4k1L6ker3hLqSq7iXxU5tgS4WGkIUElWn5vogAEnw=="],
  }
}
